
Microsoft Visual Studio Solution File, Format Version 12.00
# Visual Studio Version 16
VisualStudioVersion = 16.0.30611.23
MinimumVisualStudioVersion = 10.0.40219.1
Project("{FAE04EC0-301F-11D3-BF4B-00C04F79EFBC}") = "TestBaseCreate", "TestBaseCreate\TestBaseCreate.csproj", "{521CB7D5-29B4-443F-B391-13BA0305E221}"
EndProject
Global
	GlobalSection(SolutionConfigurationPlatforms) = preSolution
		Debug|Any CPU = Debug|Any CPU
		Release|Any CPU = Release|Any CPU
	EndGlobalSection
	GlobalSection(ProjectConfigurationPlatforms) = postSolution
		{521CB7D5-29B4-443F-B391-13BA0305E221}.Debug|Any CPU.ActiveCfg = Debug|Any CPU
		{521CB7D5-29B4-443F-B391-13BA0305E221}.Debug|Any CPU.Build.0 = Debug|Any CPU
		{521CB7D5-29B4-443F-B391-13BA0305E221}.Release|Any CPU.ActiveCfg = Release|Any CPU
		{521CB7D5-29B4-443F-B391-13BA0305E221}.Release|Any CPU.Build.0 = Release|Any CPU
	EndGlobalSection
	GlobalSection(SolutionProperties) = preSolution
		HideSolutionNode = FALSE
	EndGlobalSection
	GlobalSection(ExtensibilityGlobals) = postSolution
		SolutionGuid = {DDF8D3E0-B755-46A2-94E6-205A90125D35}
	EndGlobalSection
EndGlobal
